
Microsoft Visual Studio Solution File, Format Version 12.00
# Visual Studio 14
VisualStudioVersion = 14.0.25420.1
MinimumVisualStudioVersion = 10.0.40219.1
Project("{D954291E-2A0B-460D-934E-DC6B0785DB48}") = "XamarinApp", "App1\App1\XamarinApp.shproj", "{00A0E4A4-F6C6-448B-A810-99B81EF24148}"
EndProject
Project("{FAE04EC0-301F-11D3-BF4B-00C04F79EFBC}") = "XamarinApp.Droid", "App1\App1.Droid\XamarinApp.Droid.csproj", "{466513FC-3658-408B-B2A5-5A33A439EA9E}"
EndProject
Project("{FAE04EC0-301F-11D3-BF4B-00C04F79EFBC}") = "XamarinApp.iOS", "App1\App1.iOS\XamarinApp.iOS.csproj", "{DFE90A47-F040-416E-9AD8-8AAF97EF93DC}"
EndProject
Global
	GlobalSection(SharedMSBuildProjectFiles) = preSolution
		App1\App1\App1.projitems*{00a0e4a4-f6c6-448b-a810-99b81ef24148}*SharedItemsImports = 13
		App1\App1\App1.projitems*{466513fc-3658-408b-b2a5-5a33a439ea9e}*SharedItemsImports = 4
		App1\App1\App1.projitems*{dfe90a47-f040-416e-9ad8-8aaf97ef93dc}*SharedItemsImports = 4
	EndGlobalSection
	GlobalSection(SolutionConfigurationPlatforms) = preSolution
		Ad-Hoc|Any CPU = Ad-Hoc|Any CPU
		Ad-Hoc|ARM = Ad-Hoc|ARM
		Ad-Hoc|iPhone = Ad-Hoc|iPhone
		Ad-Hoc|iPhoneSimulator = Ad-Hoc|iPhoneSimulator
		Ad-Hoc|x64 = Ad-Hoc|x64
		Ad-Hoc|x86 = Ad-Hoc|x86
		AppStore|Any CPU = AppStore|Any CPU
		AppStore|ARM = AppStore|ARM
		AppStore|iPhone = AppStore|iPhone
		AppStore|iPhoneSimulator = AppStore|iPhoneSimulator
		AppStore|x64 = AppStore|x64
		AppStore|x86 = AppStore|x86
		Debug|Any CPU = Debug|Any CPU
		Debug|ARM = Debug|ARM
		Debug|iPhone = Debug|iPhone
		Debug|iPhoneSimulator = Debug|iPhoneSimulator
		Debug|x64 = Debug|x64
		Debug|x86 = Debug|x86
		Release|Any CPU = Release|Any CPU
		Release|ARM = Release|ARM
		Release|iPhone = Release|iPhone
		Release|iPhoneSimulator = Release|iPhoneSimulator
		Release|x64 = Release|x64
		Release|x86 = Release|x86
	EndGlobalSection
	GlobalSection(ProjectConfigurationPlatforms) = postSolution
		{466513FC-3658-408B-B2A5-5A33A439EA9E}.Ad-Hoc|Any CPU.ActiveCfg = Release|Any CPU
		{466513FC-3658-408B-B2A5-5A33A439EA9E}.Ad-Hoc|Any CPU.Build.0 = Release|Any CPU
		{466513FC-3658-408B-B2A5-5A33A439EA9E}.Ad-Hoc|Any CPU.Deploy.0 = Release|Any CPU
		{466513FC-3658-408B-B2A5-5A33A439EA9E}.Ad-Hoc|ARM.ActiveCfg = Release|Any CPU
		{466513FC-3658-408B-B2A5-5A33A439EA9E}.Ad-Hoc|ARM.Build.0 = Release|Any CPU
		{466513FC-3658-408B-B2A5-5A33A439EA9E}.Ad-Hoc|ARM.Deploy.0 = Release|Any CPU
		{466513FC-3658-408B-B2A5-5A33A439EA9E}.Ad-Hoc|iPhone.ActiveCfg = Release|Any CPU
		{466513FC-3658-408B-B2A5-5A33A439EA9E}.Ad-Hoc|iPhone.Build.0 = Release|Any CPU
		{466513FC-3658-408B-B2A5-5A33A439EA9E}.Ad-Hoc|iPhone.Deploy.0 = Release|Any CPU
		{466513FC-3658-408B-B2A5-5A33A439EA9E}.Ad-Hoc|iPhoneSimulator.ActiveCfg = Release|Any CPU
		{466513FC-3658-408B-B2A5-5A33A439EA9E}.Ad-Hoc|iPhoneSimulator.Build.0 = Release|Any CPU
		{466513FC-3658-408B-B2A5-5A33A439EA9E}.Ad-Hoc|iPhoneSimulator.Deploy.0 = Release|Any CPU
		{466513FC-3658-408B-B2A5-5A33A439EA9E}.Ad-Hoc|x64.ActiveCfg = Release|Any CPU
		{466513FC-3658-408B-B2A5-5A33A439EA9E}.Ad-Hoc|x64.Build.0 = Release|Any CPU
		{466513FC-3658-408B-B2A5-5A33A439EA9E}.Ad-Hoc|x64.Deploy.0 = Release|Any CPU
		{466513FC-3658-408B-B2A5-5A33A439EA9E}.Ad-Hoc|x86.ActiveCfg = Release|Any CPU
		{466513FC-3658-408B-B2A5-5A33A439EA9E}.Ad-Hoc|x86.Build.0 = Release|Any CPU
		{466513FC-3658-408B-B2A5-5A33A439EA9E}.Ad-Hoc|x86.Deploy.0 = Release|Any CPU
		{466513FC-3658-408B-B2A5-5A33A439EA9E}.AppStore|Any CPU.ActiveCfg = Release|Any CPU
		{466513FC-3658-408B-B2A5-5A33A439EA9E}.AppStore|Any CPU.Build.0 = Release|Any CPU
		{466513FC-3658-408B-B2A5-5A33A439EA9E}.AppStore|Any CPU.Deploy.0 = Release|Any CPU
		{466513FC-3658-408B-B2A5-5A33A439EA9E}.AppStore|ARM.ActiveCfg = Release|Any CPU
		{466513FC-3658-408B-B2A5-5A33A439EA9E}.AppStore|ARM.Build.0 = Release|Any CPU
		{466513FC-3658-408B-B2A5-5A33A439EA9E}.AppStore|ARM.Deploy.0 = Release|Any CPU
		{466513FC-3658-408B-B2A5-5A33A439EA9E}.AppStore|iPhone.ActiveCfg = Release|Any CPU
		{466513FC-3658-408B-B2A5-5A33A439EA9E}.AppStore|iPhone.Build.0 = Release|Any CPU
		{466513FC-3658-408B-B2A5-5A33A439EA9E}.AppStore|iPhone.Deploy.0 = Release|Any CPU
		{466513FC-3658-408B-B2A5-5A33A439EA9E}.AppStore|iPhoneSimulator.ActiveCfg = Release|Any CPU
		{466513FC-3658-408B-B2A5-5A33A439EA9E}.AppStore|iPhoneSimulator.Build.0 = Release|Any CPU
		{466513FC-3658-408B-B2A5-5A33A439EA9E}.AppStore|iPhoneSimulator.Deploy.0 = Release|Any CPU
		{466513FC-3658-408B-B2A5-5A33A439EA9E}.AppStore|x64.ActiveCfg = Release|Any CPU
		{466513FC-3658-408B-B2A5-5A33A439EA9E}.AppStore|x64.Build.0 = Release|Any CPU
		{466513FC-3658-408B-B2A5-5A33A439EA9E}.AppStore|x64.Deploy.0 = Release|Any CPU
		{466513FC-3658-408B-B2A5-5A33A439EA9E}.AppStore|x86.ActiveCfg = Release|Any CPU
		{466513FC-3658-408B-B2A5-5A33A439EA9E}.AppStore|x86.Build.0 = Release|Any CPU
		{466513FC-3658-408B-B2A5-5A33A439EA9E}.AppStore|x86.Deploy.0 = Release|Any CPU
		{466513FC-3658-408B-B2A5-5A33A439EA9E}.Debug|Any CPU.ActiveCfg = Debug|Any CPU
		{466513FC-3658-408B-B2A5-5A33A439EA9E}.Debug|Any CPU.Build.0 = Debug|Any CPU
		{466513FC-3658-408B-B2A5-5A33A439EA9E}.Debug|Any CPU.Deploy.0 = Debug|Any CPU
		{466513FC-3658-408B-B2A5-5A33A439EA9E}.Debug|ARM.ActiveCfg = Debug|Any CPU
		{466513FC-3658-408B-B2A5-5A33A439EA9E}.Debug|ARM.Build.0 = Debug|Any CPU
		{466513FC-3658-408B-B2A5-5A33A439EA9E}.Debug|ARM.Deploy.0 = Debug|Any CPU
		{466513FC-3658-408B-B2A5-5A33A439EA9E}.Debug|iPhone.ActiveCfg = Debug|Any CPU
		{466513FC-3658-408B-B2A5-5A33A439EA9E}.Debug|iPhone.Build.0 = Debug|Any CPU
		{466513FC-3658-408B-B2A5-5A33A439EA9E}.Debug|iPhone.Deploy.0 = Debug|Any CPU
		{466513FC-3658-408B-B2A5-5A33A439EA9E}.Debug|iPhoneSimulator.ActiveCfg = Debug|Any CPU
		{466513FC-3658-408B-B2A5-5A33A439EA9E}.Debug|iPhoneSimulator.Build.0 = Debug|Any CPU
		{466513FC-3658-408B-B2A5-5A33A439EA9E}.Debug|iPhoneSimulator.Deploy.0 = Debug|Any CPU
		{466513FC-3658-408B-B2A5-5A33A439EA9E}.Debug|x64.ActiveCfg = Debug|Any CPU
		{466513FC-3658-408B-B2A5-5A33A439EA9E}.Debug|x64.Build.0 = Debug|Any CPU
		{466513FC-3658-408B-B2A5-5A33A439EA9E}.Debug|x64.Deploy.0 = Debug|Any CPU
		{466513FC-3658-408B-B2A5-5A33A439EA9E}.Debug|x86.ActiveCfg = Debug|Any CPU
		{466513FC-3658-408B-B2A5-5A33A439EA9E}.Debug|x86.Build.0 = Debug|Any CPU
		{466513FC-3658-408B-B2A5-5A33A439EA9E}.Debug|x86.Deploy.0 = Debug|Any CPU
		{466513FC-3658-408B-B2A5-5A33A439EA9E}.Release|Any CPU.ActiveCfg = Release|Any CPU
		{466513FC-3658-408B-B2A5-5A33A439EA9E}.Release|Any CPU.Build.0 = Release|Any CPU
		{466513FC-3658-408B-B2A5-5A33A439EA9E}.Release|Any CPU.Deploy.0 = Release|Any CPU
		{466513FC-3658-408B-B2A5-5A33A439EA9E}.Release|ARM.ActiveCfg = Release|Any CPU
		{466513FC-3658-408B-B2A5-5A33A439EA9E}.Release|ARM.Build.0 = Release|Any CPU
		{466513FC-3658-408B-B2A5-5A33A439EA9E}.Release|ARM.Deploy.0 = Release|Any CPU
		{466513FC-3658-408B-B2A5-5A33A439EA9E}.Release|iPhone.ActiveCfg = Release|Any CPU
		{466513FC-3658-408B-B2A5-5A33A439EA9E}.Release|iPhone.Build.0 = Release|Any CPU
		{466513FC-3658-408B-B2A5-5A33A439EA9E}.Release|iPhone.Deploy.0 = Release|Any CPU
		{466513FC-3658-408B-B2A5-5A33A439EA9E}.Release|iPhoneSimulator.ActiveCfg = Release|Any CPU
		{466513FC-3658-408B-B2A5-5A33A439EA9E}.Release|iPhoneSimulator.Build.0 = Release|Any CPU
		{466513FC-3658-408B-B2A5-5A33A439EA9E}.Release|iPhoneSimulator.Deploy.0 = Release|Any CPU
		{466513FC-3658-408B-B2A5-5A33A439EA9E}.Release|x64.ActiveCfg = Release|Any CPU
		{466513FC-3658-408B-B2A5-5A33A439EA9E}.Release|x64.Build.0 = Release|Any CPU
		{466513FC-3658-408B-B2A5-5A33A439EA9E}.Release|x64.Deploy.0 = Release|Any CPU
		{466513FC-3658-408B-B2A5-5A33A439EA9E}.Release|x86.ActiveCfg = Release|Any CPU
		{466513FC-3658-408B-B2A5-5A33A439EA9E}.Release|x86.Build.0 = Release|Any CPU
		{466513FC-3658-408B-B2A5-5A33A439EA9E}.Release|x86.Deploy.0 = Release|Any CPU
		{DFE90A47-F040-416E-9AD8-8AAF97EF93DC}.Ad-Hoc|Any CPU.ActiveCfg = Ad-Hoc|iPhone
		{DFE90A47-F040-416E-9AD8-8AAF97EF93DC}.Ad-Hoc|ARM.ActiveCfg = Ad-Hoc|iPhone
		{DFE90A47-F040-416E-9AD8-8AAF97EF93DC}.Ad-Hoc|iPhone.ActiveCfg = Ad-Hoc|iPhone
		{DFE90A47-F040-416E-9AD8-8AAF97EF93DC}.Ad-Hoc|iPhone.Build.0 = Ad-Hoc|iPhone
		{DFE90A47-F040-416E-9AD8-8AAF97EF93DC}.Ad-Hoc|iPhoneSimulator.ActiveCfg = Ad-Hoc|iPhoneSimulator
		{DFE90A47-F040-416E-9AD8-8AAF97EF93DC}.Ad-Hoc|iPhoneSimulator.Build.0 = Ad-Hoc|iPhoneSimulator
		{DFE90A47-F040-416E-9AD8-8AAF97EF93DC}.Ad-Hoc|x64.ActiveCfg = Ad-Hoc|iPhone
		{DFE90A47-F040-416E-9AD8-8AAF97EF93DC}.Ad-Hoc|x86.ActiveCfg = Ad-Hoc|iPhone
		{DFE90A47-F040-416E-9AD8-8AAF97EF93DC}.AppStore|Any CPU.ActiveCfg = AppStore|iPhone
		{DFE90A47-F040-416E-9AD8-8AAF97EF93DC}.AppStore|ARM.ActiveCfg = AppStore|iPhone
		{DFE90A47-F040-416E-9AD8-8AAF97EF93DC}.AppStore|iPhone.ActiveCfg = AppStore|iPhone
		{DFE90A47-F040-416E-9AD8-8AAF97EF93DC}.AppStore|iPhone.Build.0 = AppStore|iPhone
		{DFE90A47-F040-416E-9AD8-8AAF97EF93DC}.AppStore|iPhoneSimulator.ActiveCfg = AppStore|iPhoneSimulator
		{DFE90A47-F040-416E-9AD8-8AAF97EF93DC}.AppStore|iPhoneSimulator.Build.0 = AppStore|iPhoneSimulator
		{DFE90A47-F040-416E-9AD8-8AAF97EF93DC}.AppStore|x64.ActiveCfg = AppStore|iPhone
		{DFE90A47-F040-416E-9AD8-8AAF97EF93DC}.AppStore|x86.ActiveCfg = AppStore|iPhone
		{DFE90A47-F040-416E-9AD8-8AAF97EF93DC}.Debug|Any CPU.ActiveCfg = Debug|iPhone
		{DFE90A47-F040-416E-9AD8-8AAF97EF93DC}.Debug|ARM.ActiveCfg = Debug|iPhone
		{DFE90A47-F040-416E-9AD8-8AAF97EF93DC}.Debug|iPhone.ActiveCfg = Debug|iPhone
		{DFE90A47-F040-416E-9AD8-8AAF97EF93DC}.Debug|iPhone.Build.0 = Debug|iPhone
		{DFE90A47-F040-416E-9AD8-8AAF97EF93DC}.Debug|iPhoneSimulator.ActiveCfg = Debug|iPhoneSimulator
		{DFE90A47-F040-416E-9AD8-8AAF97EF93DC}.Debug|iPhoneSimulator.Build.0 = Debug|iPhoneSimulator
		{DFE90A47-F040-416E-9AD8-8AAF97EF93DC}.Debug|x64.ActiveCfg = Debug|iPhone
		{DFE90A47-F040-416E-9AD8-8AAF97EF93DC}.Debug|x86.ActiveCfg = Debug|iPhone
		{DFE90A47-F040-416E-9AD8-8AAF97EF93DC}.Release|Any CPU.ActiveCfg = Release|iPhone
		{DFE90A47-F040-416E-9AD8-8AAF97EF93DC}.Release|ARM.ActiveCfg = Release|iPhone
		{DFE90A47-F040-416E-9AD8-8AAF97EF93DC}.Release|iPhone.ActiveCfg = Release|iPhone
		{DFE90A47-F040-416E-9AD8-8AAF97EF93DC}.Release|iPhone.Build.0 = Release|iPhone
		{DFE90A47-F040-416E-9AD8-8AAF97EF93DC}.Release|iPhoneSimulator.ActiveCfg = Release|iPhoneSimulator
		{DFE90A47-F040-416E-9AD8-8AAF97EF93DC}.Release|iPhoneSimulator.Build.0 = Release|iPhoneSimulator
		{DFE90A47-F040-416E-9AD8-8AAF97EF93DC}.Release|x64.ActiveCfg = Release|iPhone
		{DFE90A47-F040-416E-9AD8-8AAF97EF93DC}.Release|x86.ActiveCfg = Release|iPhone
	EndGlobalSection
	GlobalSection(SolutionProperties) = preSolution
		HideSolutionNode = FALSE
	EndGlobalSection
EndGlobal
